
Microsoft Visual Studio Solution File, Format Version 12.00
# Visual Studio 15
VisualStudioVersion = 15.0.28010.2036
MinimumVisualStudioVersion = 10.0.40219.1
Project("{FAE04EC0-301F-11D3-BF4B-00C04F79EFBC}") = "Csharp", "Csharp\Csharp.csproj", "{6F6175E6-A4D0-483D-891D-A9547F4F41AB}"
EndProject
Project("{FAE04EC0-301F-11D3-BF4B-00C04F79EFBC}") = "Csharp.Test", "Csharp.Test\Csharp.Test.csproj", "{13EB88D5-97A7-4DBD-A717-52F44CF714FB}"
EndProject
Project("{F184B08F-C81C-45F6-A57F-5ABD9991F28F}") = "VBnet", "VBnet\VBnet.vbproj", "{82BB0AC5-253C-489C-9A9D-7AD9D2116D5D}"
EndProject
Global
	GlobalSection(SolutionConfigurationPlatforms) = preSolution
		Debug|Any CPU = Debug|Any CPU
		Release|Any CPU = Release|Any CPU
	EndGlobalSection
	GlobalSection(ProjectConfigurationPlatforms) = postSolution
		{6F6175E6-A4D0-483D-891D-A9547F4F41AB}.Debug|Any CPU.ActiveCfg = Debug|Any CPU
		{6F6175E6-A4D0-483D-891D-A9547F4F41AB}.Debug|Any CPU.Build.0 = Debug|Any CPU
		{6F6175E6-A4D0-483D-891D-A9547F4F41AB}.Release|Any CPU.ActiveCfg = Release|Any CPU
		{6F6175E6-A4D0-483D-891D-A9547F4F41AB}.Release|Any CPU.Build.0 = Release|Any CPU
		{13EB88D5-97A7-4DBD-A717-52F44CF714FB}.Debug|Any CPU.ActiveCfg = Debug|Any CPU
		{13EB88D5-97A7-4DBD-A717-52F44CF714FB}.Debug|Any CPU.Build.0 = Debug|Any CPU
		{13EB88D5-97A7-4DBD-A717-52F44CF714FB}.Release|Any CPU.ActiveCfg = Release|Any CPU
		{13EB88D5-97A7-4DBD-A717-52F44CF714FB}.Release|Any CPU.Build.0 = Release|Any CPU
		{82BB0AC5-253C-489C-9A9D-7AD9D2116D5D}.Debug|Any CPU.ActiveCfg = Debug|Any CPU
		{82BB0AC5-253C-489C-9A9D-7AD9D2116D5D}.Debug|Any CPU.Build.0 = Debug|Any CPU
		{82BB0AC5-253C-489C-9A9D-7AD9D2116D5D}.Release|Any CPU.ActiveCfg = Release|Any CPU
		{82BB0AC5-253C-489C-9A9D-7AD9D2116D5D}.Release|Any CPU.Build.0 = Release|Any CPU
	EndGlobalSection
	GlobalSection(SolutionProperties) = preSolution
		HideSolutionNode = FALSE
	EndGlobalSection
	GlobalSection(ExtensibilityGlobals) = postSolution
		SolutionGuid = {9151A0CA-9020-4EE2-B38D-8FEDD96330DB}
	EndGlobalSection
EndGlobal
